
Microsoft Visual Studio Solution File, Format Version 12.00
# Visual Studio 15
Project("{FAE04EC0-301F-11D3-BF4B-00C04F79EFBC}") = "Assembly-CSharp", "Assembly-CSharp.csproj", "{E0C38AC6-B174-99D1-B458-8C2C5AEBDC6B}"
EndProject
Global
	GlobalSection(SolutionConfigurationPlatforms) = preSolution
		Debug|Any CPU = Debug|Any CPU
		Release|Any CPU = Release|Any CPU
	EndGlobalSection
	GlobalSection(ProjectConfigurationPlatforms) = postSolution
		{E0C38AC6-B174-99D1-B458-8C2C5AEBDC6B}.Debug|Any CPU.ActiveCfg = Debug|Any CPU
		{E0C38AC6-B174-99D1-B458-8C2C5AEBDC6B}.Debug|Any CPU.Build.0 = Debug|Any CPU
		{E0C38AC6-B174-99D1-B458-8C2C5AEBDC6B}.Release|Any CPU.ActiveCfg = Release|Any CPU
		{E0C38AC6-B174-99D1-B458-8C2C5AEBDC6B}.Release|Any CPU.Build.0 = Release|Any CPU
	EndGlobalSection
	GlobalSection(SolutionProperties) = preSolution
		HideSolutionNode = FALSE
	EndGlobalSection
EndGlobal
